
Microsoft Visual Studio Solution File, Format Version 12.00
# Visual Studio Version 17
VisualStudioVersion = 17.10.35027.167
MinimumVisualStudioVersion = 10.0.40219.1
Project("{FAE04EC0-301F-11D3-BF4B-00C04F79EFBC}") = "workerapi", "workerapi\workerapi.csproj", "{27299232-B142-4918-BE27-30D6F6819F52}"
EndProject
Global
	GlobalSection(SolutionConfigurationPlatforms) = preSolution
		Debug|Any CPU = Debug|Any CPU
		Release|Any CPU = Release|Any CPU
	EndGlobalSection
	GlobalSection(ProjectConfigurationPlatforms) = postSolution
		{27299232-B142-4918-BE27-30D6F6819F52}.Debug|Any CPU.ActiveCfg = Debug|Any CPU
		{27299232-B142-4918-BE27-30D6F6819F52}.Debug|Any CPU.Build.0 = Debug|Any CPU
		{27299232-B142-4918-BE27-30D6F6819F52}.Release|Any CPU.ActiveCfg = Release|Any CPU
		{27299232-B142-4918-BE27-30D6F6819F52}.Release|Any CPU.Build.0 = Release|Any CPU
	EndGlobalSection
	GlobalSection(SolutionProperties) = preSolution
		HideSolutionNode = FALSE
	EndGlobalSection
	GlobalSection(ExtensibilityGlobals) = postSolution
		SolutionGuid = {70E73241-E614-4DD0-9F62-6B94133DCAF8}
	EndGlobalSection
EndGlobal
